
Microsoft Visual Studio Solution File, Format Version 12.00
# Visual Studio Version 17
VisualStudioVersion = 17.4.33213.308
MinimumVisualStudioVersion = 10.0.40219.1
Project("{FAE04EC0-301F-11D3-BF4B-00C04F79EFBC}") = "Final Fantasy rip off", "Final Fantasy rip off\Final Fantasy rip off.csproj", "{BB74F620-A86D-4992-B595-B06AA4B8E296}"
EndProject
Global
	GlobalSection(SolutionConfigurationPlatforms) = preSolution
		Debug|Any CPU = Debug|Any CPU
		Release|Any CPU = Release|Any CPU
	EndGlobalSection
	GlobalSection(ProjectConfigurationPlatforms) = postSolution
		{BB74F620-A86D-4992-B595-B06AA4B8E296}.Debug|Any CPU.ActiveCfg = Debug|Any CPU
		{BB74F620-A86D-4992-B595-B06AA4B8E296}.Debug|Any CPU.Build.0 = Debug|Any CPU
		{BB74F620-A86D-4992-B595-B06AA4B8E296}.Release|Any CPU.ActiveCfg = Release|Any CPU
		{BB74F620-A86D-4992-B595-B06AA4B8E296}.Release|Any CPU.Build.0 = Release|Any CPU
	EndGlobalSection
	GlobalSection(SolutionProperties) = preSolution
		HideSolutionNode = FALSE
	EndGlobalSection
	GlobalSection(ExtensibilityGlobals) = postSolution
		SolutionGuid = {AE03AD3B-525B-4FE3-A006-D70175B522C3}
	EndGlobalSection
EndGlobal
